// !$*UTF8*$!
{
	archiveVersion = 1;
	classes = {
	};
	objectVersion = 56;
	objects = {

/* Begin PBXBuildFile section */
		968568C6298289E5007F7D2A /* NetworkExtension.framework in Frameworks */ = {isa = PBXBuildFile; fileRef = 96B6F4C7297C260F00577DAA /* NetworkExtension.framework */; };
		968568C9298289E5007F7D2A /* PacketTunnelProvider.swift in Sources */ = {isa = PBXBuildFile; fileRef = 968568C8298289E5007F7D2A /* PacketTunnelProvider.swift */; };
		968568CE298289E5007F7D2A /* DNS Packet Tunnel Extension.appex in Embed Foundation Extensions */ = {isa = PBXBuildFile; fileRef = 968568C5298289E5007F7D2A /* DNS Packet Tunnel Extension.appex */; settings = {ATTRIBUTES = (RemoveHeadersOnCopy, ); }; };
		968568D429828BBF007F7D2A /* TunnelProviderManager.swift in Sources */ = {isa = PBXBuildFile; fileRef = 968568D329828BBF007F7D2A /* TunnelProviderManager.swift */; };
		968568D629828CEE007F7D2A /* NSError+Convenience.swift in Sources */ = {isa = PBXBuildFile; fileRef = 968568D529828CEE007F7D2A /* NSError+Convenience.swift */; };
		968568D829828D31007F7D2A /* Result+Convenience.swift in Sources */ = {isa = PBXBuildFile; fileRef = 968568D729828D31007F7D2A /* Result+Convenience.swift */; };
		968568D929828D37007F7D2A /* Result+Convenience.swift in Sources */ = {isa = PBXBuildFile; fileRef = 968568D729828D31007F7D2A /* Result+Convenience.swift */; };
		968568DA29828D37007F7D2A /* NSError+Convenience.swift in Sources */ = {isa = PBXBuildFile; fileRef = 968568D529828CEE007F7D2A /* NSError+Convenience.swift */; };
		968568DB29828D39007F7D2A /* Logger.swift in Sources */ = {isa = PBXBuildFile; fileRef = 96B6F4BC297C1F0A00577DAA /* Logger.swift */; };
		96A6E8D02982E014009F8642 /* DNSConfig.swift in Sources */ = {isa = PBXBuildFile; fileRef = 96A6E8CF2982E014009F8642 /* DNSConfig.swift */; };
		96A6E8D12982E08C009F8642 /* DNSConfig.swift in Sources */ = {isa = PBXBuildFile; fileRef = 96A6E8CF2982E014009F8642 /* DNSConfig.swift */; };
		96A6E8D32982E11E009F8642 /* URL+Utilties.swift in Sources */ = {isa = PBXBuildFile; fileRef = 96A6E8D22982E11E009F8642 /* URL+Utilties.swift */; };
		96A6E8D42982E122009F8642 /* URL+Utilties.swift in Sources */ = {isa = PBXBuildFile; fileRef = 96A6E8D22982E11E009F8642 /* URL+Utilties.swift */; };
		96A6E8DB2982E6B7009F8642 /* NEVPNConnection+Convenience.swift in Sources */ = {isa = PBXBuildFile; fileRef = 96A6E8DA2982E6B7009F8642 /* NEVPNConnection+Convenience.swift */; };
		96A6E8DD2982E6FE009F8642 /* NSError+NEVPNError.swift in Sources */ = {isa = PBXBuildFile; fileRef = 96A6E8DC2982E6FE009F8642 /* NSError+NEVPNError.swift */; };
		96A6E8DF2982E730009F8642 /* NEVPNStatus+CustomStringConvertible.swift in Sources */ = {isa = PBXBuildFile; fileRef = 96A6E8DE2982E730009F8642 /* NEVPNStatus+CustomStringConvertible.swift */; };
		96A6E8E12982E74C009F8642 /* Constants.swift in Sources */ = {isa = PBXBuildFile; fileRef = 96A6E8E02982E74C009F8642 /* Constants.swift */; };
		96A6E8E32982E78F009F8642 /* NETunnelProviderManager+Primary.swift in Sources */ = {isa = PBXBuildFile; fileRef = 96A6E8E22982E78F009F8642 /* NETunnelProviderManager+Primary.swift */; };
		96B6F4AC297C169600577DAA /* App.swift in Sources */ = {isa = PBXBuildFile; fileRef = 96B6F4AB297C169600577DAA /* App.swift */; };
		96B6F4AE297C169600577DAA /* ContentView.swift in Sources */ = {isa = PBXBuildFile; fileRef = 96B6F4AD297C169600577DAA /* ContentView.swift */; };
		96B6F4B0297C169700577DAA /* Assets.xcassets in Resources */ = {isa = PBXBuildFile; fileRef = 96B6F4AF297C169700577DAA /* Assets.xcassets */; };
		96B6F4B3297C169700577DAA /* Preview Assets.xcassets in Resources */ = {isa = PBXBuildFile; fileRef = 96B6F4B2297C169700577DAA /* Preview Assets.xcassets */; };
		96B6F4BD297C1F0A00577DAA /* Logger.swift in Sources */ = {isa = PBXBuildFile; fileRef = 96B6F4BC297C1F0A00577DAA /* Logger.swift */; };
/* End PBXBuildFile section */

/* Begin PBXContainerItemProxy section */
		968568CC298289E5007F7D2A /* PBXContainerItemProxy */ = {
			isa = PBXContainerItemProxy;
			containerPortal = 96B6F4A0297C169600577DAA /* Project object */;
			proxyType = 1;
			remoteGlobalIDString = 968568C4298289E5007F7D2A;
			remoteInfo = "DNS Packet Tunnel Extension";
		};
/* End PBXContainerItemProxy section */

/* Begin PBXCopyFilesBuildPhase section */
		96B6F4D4297C260F00577DAA /* Embed Foundation Extensions */ = {
			isa = PBXCopyFilesBuildPhase;
			buildActionMask = 2147483647;
			dstPath = "";
			dstSubfolderSpec = 13;
			files = (
				968568CE298289E5007F7D2A /* DNS Packet Tunnel Extension.appex in Embed Foundation Extensions */,
			);
			name = "Embed Foundation Extensions";
			runOnlyForDeploymentPostprocessing = 0;
		};
/* End PBXCopyFilesBuildPhase section */

/* Begin PBXFileReference section */
		968568C5298289E5007F7D2A /* DNS Packet Tunnel Extension.appex */ = {isa = PBXFileReference; explicitFileType = "wrapper.app-extension"; includeInIndex = 0; path = "DNS Packet Tunnel Extension.appex"; sourceTree = BUILT_PRODUCTS_DIR; };
		968568C8298289E5007F7D2A /* PacketTunnelProvider.swift */ = {isa = PBXFileReference; lastKnownFileType = sourcecode.swift; path = PacketTunnelProvider.swift; sourceTree = "<group>"; };
		968568CA298289E5007F7D2A /* Info.plist */ = {isa = PBXFileReference; lastKnownFileType = text.plist.xml; path = Info.plist; sourceTree = "<group>"; };
		968568CB298289E5007F7D2A /* DNS_Packet_Tunnel_Extension.entitlements */ = {isa = PBXFileReference; lastKnownFileType = text.plist.entitlements; path = DNS_Packet_Tunnel_Extension.entitlements; sourceTree = "<group>"; };
		968568D329828BBF007F7D2A /* TunnelProviderManager.swift */ = {isa = PBXFileReference; lastKnownFileType = sourcecode.swift; path = TunnelProviderManager.swift; sourceTree = "<group>"; };
		968568D529828CEE007F7D2A /* NSError+Convenience.swift */ = {isa = PBXFileReference; lastKnownFileType = sourcecode.swift; path = "NSError+Convenience.swift"; sourceTree = "<group>"; };
		968568D729828D31007F7D2A /* Result+Convenience.swift */ = {isa = PBXFileReference; lastKnownFileType = sourcecode.swift; path = "Result+Convenience.swift"; sourceTree = "<group>"; };
		96A6E8CF2982E014009F8642 /* DNSConfig.swift */ = {isa = PBXFileReference; fileEncoding = 4; lastKnownFileType = sourcecode.swift; path = DNSConfig.swift; sourceTree = "<group>"; };
		96A6E8D22982E11E009F8642 /* URL+Utilties.swift */ = {isa = PBXFileReference; lastKnownFileType = sourcecode.swift; path = "URL+Utilties.swift"; sourceTree = "<group>"; };
		96A6E8DA2982E6B7009F8642 /* NEVPNConnection+Convenience.swift */ = {isa = PBXFileReference; lastKnownFileType = sourcecode.swift; path = "NEVPNConnection+Convenience.swift"; sourceTree = "<group>"; };
		96A6E8DC2982E6FE009F8642 /* NSError+NEVPNError.swift */ = {isa = PBXFileReference; lastKnownFileType = sourcecode.swift; path = "NSError+NEVPNError.swift"; sourceTree = "<group>"; };
		96A6E8DE2982E730009F8642 /* NEVPNStatus+CustomStringConvertible.swift */ = {isa = PBXFileReference; lastKnownFileType = sourcecode.swift; path = "NEVPNStatus+CustomStringConvertible.swift"; sourceTree = "<group>"; };
		96A6E8E02982E74C009F8642 /* Constants.swift */ = {isa = PBXFileReference; lastKnownFileType = sourcecode.swift; path = Constants.swift; sourceTree = "<group>"; };
		96A6E8E22982E78F009F8642 /* NETunnelProviderManager+Primary.swift */ = {isa = PBXFileReference; lastKnownFileType = sourcecode.swift; path = "NETunnelProviderManager+Primary.swift"; sourceTree = "<group>"; };
		96B6F4A8297C169600577DAA /* DNS Proxy.app */ = {isa = PBXFileReference; explicitFileType = wrapper.application; includeInIndex = 0; path = "DNS Proxy.app"; sourceTree = BUILT_PRODUCTS_DIR; };
		96B6F4AB297C169600577DAA /* App.swift */ = {isa = PBXFileReference; lastKnownFileType = sourcecode.swift; path = App.swift; sourceTree = "<group>"; };
		96B6F4AD297C169600577DAA /* ContentView.swift */ = {isa = PBXFileReference; lastKnownFileType = sourcecode.swift; path = ContentView.swift; sourceTree = "<group>"; };
		96B6F4AF297C169700577DAA /* Assets.xcassets */ = {isa = PBXFileReference; lastKnownFileType = folder.assetcatalog; path = Assets.xcassets; sourceTree = "<group>"; };
		96B6F4B2297C169700577DAA /* Preview Assets.xcassets */ = {isa = PBXFileReference; lastKnownFileType = folder.assetcatalog; path = "Preview Assets.xcassets"; sourceTree = "<group>"; };
		96B6F4B9297C16AA00577DAA /* DNS Proxy.entitlements */ = {isa = PBXFileReference; lastKnownFileType = text.plist.entitlements; path = "DNS Proxy.entitlements"; sourceTree = "<group>"; };
		96B6F4BC297C1F0A00577DAA /* Logger.swift */ = {isa = PBXFileReference; lastKnownFileType = sourcecode.swift; path = Logger.swift; sourceTree = "<group>"; };
		96B6F4C7297C260F00577DAA /* NetworkExtension.framework */ = {isa = PBXFileReference; lastKnownFileType = wrapper.framework; name = NetworkExtension.framework; path = System/Library/Frameworks/NetworkExtension.framework; sourceTree = SDKROOT; };
/* End PBXFileReference section */

/* Begin PBXFrameworksBuildPhase section */
		968568C2298289E5007F7D2A /* Frameworks */ = {
			isa = PBXFrameworksBuildPhase;
			buildActionMask = 2147483647;
			files = (
				968568C6298289E5007F7D2A /* NetworkExtension.framework in Frameworks */,
			);
			runOnlyForDeploymentPostprocessing = 0;
		};
		96B6F4A5297C169600577DAA /* Frameworks */ = {
			isa = PBXFrameworksBuildPhase;
			buildActionMask = 2147483647;
			files = (
			);
			runOnlyForDeploymentPostprocessing = 0;
		};
/* End PBXFrameworksBuildPhase section */

/* Begin PBXGroup section */
		968568C7298289E5007F7D2A /* DNS Packet Tunnel Extension */ = {
			isa = PBXGroup;
			children = (
				968568C8298289E5007F7D2A /* PacketTunnelProvider.swift */,
				968568CA298289E5007F7D2A /* Info.plist */,
				968568CB298289E5007F7D2A /* DNS_Packet_Tunnel_Extension.entitlements */,
			);
			path = "DNS Packet Tunnel Extension";
			sourceTree = "<group>";
		};
		96A6E8D82982E65C009F8642 /* Extensions */ = {
			isa = PBXGroup;
			children = (
				96A6E8E22982E78F009F8642 /* NETunnelProviderManager+Primary.swift */,
				96A6E8DA2982E6B7009F8642 /* NEVPNConnection+Convenience.swift */,
				96A6E8DE2982E730009F8642 /* NEVPNStatus+CustomStringConvertible.swift */,
				96A6E8DC2982E6FE009F8642 /* NSError+NEVPNError.swift */,
			);
			path = Extensions;
			sourceTree = "<group>";
		};
		96A6E8D92982E668009F8642 /* Resources */ = {
			isa = PBXGroup;
			children = (
				96B6F4B9297C16AA00577DAA /* DNS Proxy.entitlements */,
				96B6F4AF297C169700577DAA /* Assets.xcassets */,
				96B6F4B1297C169700577DAA /* Preview Content */,
			);
			path = Resources;
			sourceTree = "<group>";
		};
		96A6E8E42982E7BF009F8642 /* UI */ = {
			isa = PBXGroup;
			children = (
				96B6F4AD297C169600577DAA /* ContentView.swift */,
			);
			path = UI;
			sourceTree = "<group>";
		};
		96A6E8E52982E7C3009F8642 /* App */ = {
			isa = PBXGroup;
			children = (
				96B6F4AB297C169600577DAA /* App.swift */,
			);
			path = App;
			sourceTree = "<group>";
		};
		96A6E8E62982E7DF009F8642 /* Services */ = {
			isa = PBXGroup;
			children = (
				968568D329828BBF007F7D2A /* TunnelProviderManager.swift */,
			);
			path = Services;
			sourceTree = "<group>";
		};
		96A6E8E72982E7F3009F8642 /* Extensions */ = {
			isa = PBXGroup;
			children = (
				968568D529828CEE007F7D2A /* NSError+Convenience.swift */,
				968568D729828D31007F7D2A /* Result+Convenience.swift */,
				96A6E8D22982E11E009F8642 /* URL+Utilties.swift */,
			);
			path = Extensions;
			sourceTree = "<group>";
		};
		96A6E8E82982E7FD009F8642 /* Environment */ = {
			isa = PBXGroup;
			children = (
				96B6F4BC297C1F0A00577DAA /* Logger.swift */,
				96A6E8E02982E74C009F8642 /* Constants.swift */,
			);
			path = Environment;
			sourceTree = "<group>";
		};
		96B6F49F297C169600577DAA = {
			isa = PBXGroup;
			children = (
				96B6F4C0297C25F400577DAA /* Common */,
				96B6F4AA297C169600577DAA /* DNS Proxy */,
				968568C7298289E5007F7D2A /* DNS Packet Tunnel Extension */,
				96B6F4C6297C260F00577DAA /* Frameworks */,
				96B6F4A9297C169600577DAA /* Products */,
			);
			sourceTree = "<group>";
		};
		96B6F4A9297C169600577DAA /* Products */ = {
			isa = PBXGroup;
			children = (
				96B6F4A8297C169600577DAA /* DNS Proxy.app */,
				968568C5298289E5007F7D2A /* DNS Packet Tunnel Extension.appex */,
			);
			name = Products;
			sourceTree = "<group>";
		};
		96B6F4AA297C169600577DAA /* DNS Proxy */ = {
			isa = PBXGroup;
			children = (
				96A6E8E52982E7C3009F8642 /* App */,
				96A6E8E42982E7BF009F8642 /* UI */,
				96A6E8E62982E7DF009F8642 /* Services */,
				96A6E8D82982E65C009F8642 /* Extensions */,
				96A6E8D92982E668009F8642 /* Resources */,
			);
			path = "DNS Proxy";
			sourceTree = "<group>";
		};
		96B6F4B1297C169700577DAA /* Preview Content */ = {
			isa = PBXGroup;
			children = (
				96B6F4B2297C169700577DAA /* Preview Assets.xcassets */,
			);
			path = "Preview Content";
			sourceTree = "<group>";
		};
		96B6F4C0297C25F400577DAA /* Common */ = {
			isa = PBXGroup;
			children = (
				96A6E8CF2982E014009F8642 /* DNSConfig.swift */,
				96A6E8E82982E7FD009F8642 /* Environment */,
				96A6E8E72982E7F3009F8642 /* Extensions */,
			);
			path = Common;
			sourceTree = "<group>";
		};
		96B6F4C6297C260F00577DAA /* Frameworks */ = {
			isa = PBXGroup;
			children = (
				96B6F4C7297C260F00577DAA /* NetworkExtension.framework */,
			);
			name = Frameworks;
			sourceTree = "<group>";
		};
/* End PBXGroup section */

/* Begin PBXNativeTarget section */
		968568C4298289E5007F7D2A /* DNS Packet Tunnel Extension */ = {
			isa = PBXNativeTarget;
			buildConfigurationList = 968568CF298289E5007F7D2A /* Build configuration list for PBXNativeTarget "DNS Packet Tunnel Extension" */;
			buildPhases = (
				968568C1298289E5007F7D2A /* Sources */,
				968568C2298289E5007F7D2A /* Frameworks */,
				968568C3298289E5007F7D2A /* Resources */,
			);
			buildRules = (
			);
			dependencies = (
			);
			name = "DNS Packet Tunnel Extension";
			productName = "DNS Packet Tunnel Extension";
			productReference = 968568C5298289E5007F7D2A /* DNS Packet Tunnel Extension.appex */;
			productType = "com.apple.product-type.app-extension";
		};
		96B6F4A7297C169600577DAA /* DNS Proxy */ = {
			isa = PBXNativeTarget;
			buildConfigurationList = 96B6F4B6297C169700577DAA /* Build configuration list for PBXNativeTarget "DNS Proxy" */;
			buildPhases = (
				96B6F4A4297C169600577DAA /* Sources */,
				96B6F4A5297C169600577DAA /* Frameworks */,
				96B6F4A6297C169600577DAA /* Resources */,
				96B6F4D4297C260F00577DAA /* Embed Foundation Extensions */,
			);
			buildRules = (
			);
			dependencies = (
				968568CD298289E5007F7D2A /* PBXTargetDependency */,
			);
			name = "DNS Proxy";
			productName = "DNS Proxy";
			productReference = 96B6F4A8297C169600577DAA /* DNS Proxy.app */;
			productType = "com.apple.product-type.application";
		};
/* End PBXNativeTarget section */

/* Begin PBXProject section */
		96B6F4A0297C169600577DAA /* Project object */ = {
			isa = PBXProject;
			attributes = {
				BuildIndependentTargetsInParallel = 1;
				LastSwiftUpdateCheck = 1420;
				LastUpgradeCheck = 1420;
				TargetAttributes = {
					968568C4298289E5007F7D2A = {
						CreatedOnToolsVersion = 14.2;
					};
					96B6F4A7297C169600577DAA = {
						CreatedOnToolsVersion = 14.2;
					};
				};
			};
			buildConfigurationList = 96B6F4A3297C169600577DAA /* Build configuration list for PBXProject "DNS Proxy" */;
			compatibilityVersion = "Xcode 14.0";
			developmentRegion = en;
			hasScannedForEncodings = 0;
			knownRegions = (
				en,
				Base,
			);
			mainGroup = 96B6F49F297C169600577DAA;
			productRefGroup = 96B6F4A9297C169600577DAA /* Products */;
			projectDirPath = "";
			projectRoot = "";
			targets = (
				96B6F4A7297C169600577DAA /* DNS Proxy */,
				968568C4298289E5007F7D2A /* DNS Packet Tunnel Extension */,
			);
		};
/* End PBXProject section */

/* Begin PBXResourcesBuildPhase section */
		968568C3298289E5007F7D2A /* Resources */ = {
			isa = PBXResourcesBuildPhase;
			buildActionMask = 2147483647;
			files = (
			);
			runOnlyForDeploymentPostprocessing = 0;
		};
		96B6F4A6297C169600577DAA /* Resources */ = {
			isa = PBXResourcesBuildPhase;
			buildActionMask = 2147483647;
			files = (
				96B6F4B3297C169700577DAA /* Preview Assets.xcassets in Resources */,
				96B6F4B0297C169700577DAA /* Assets.xcassets in Resources */,
			);
			runOnlyForDeploymentPostprocessing = 0;
		};
/* End PBXResourcesBuildPhase section */

/* Begin PBXSourcesBuildPhase section */
		968568C1298289E5007F7D2A /* Sources */ = {
			isa = PBXSourcesBuildPhase;
			buildActionMask = 2147483647;
			files = (
				96A6E8D32982E11E009F8642 /* URL+Utilties.swift in Sources */,
				968568D929828D37007F7D2A /* Result+Convenience.swift in Sources */,
				96A6E8D02982E014009F8642 /* DNSConfig.swift in Sources */,
				968568DA29828D37007F7D2A /* NSError+Convenience.swift in Sources */,
				968568C9298289E5007F7D2A /* PacketTunnelProvider.swift in Sources */,
				968568DB29828D39007F7D2A /* Logger.swift in Sources */,
			);
			runOnlyForDeploymentPostprocessing = 0;
		};
		96B6F4A4297C169600577DAA /* Sources */ = {
			isa = PBXSourcesBuildPhase;
			buildActionMask = 2147483647;
			files = (
				968568D629828CEE007F7D2A /* NSError+Convenience.swift in Sources */,
				96B6F4AE297C169600577DAA /* ContentView.swift in Sources */,
				96A6E8D12982E08C009F8642 /* DNSConfig.swift in Sources */,
				968568D829828D31007F7D2A /* Result+Convenience.swift in Sources */,
				968568D429828BBF007F7D2A /* TunnelProviderManager.swift in Sources */,
				96A6E8E32982E78F009F8642 /* NETunnelProviderManager+Primary.swift in Sources */,
				96A6E8D42982E122009F8642 /* URL+Utilties.swift in Sources */,
				96A6E8DB2982E6B7009F8642 /* NEVPNConnection+Convenience.swift in Sources */,
				96B6F4AC297C169600577DAA /* App.swift in Sources */,
				96A6E8DF2982E730009F8642 /* NEVPNStatus+CustomStringConvertible.swift in Sources */,
				96A6E8DD2982E6FE009F8642 /* NSError+NEVPNError.swift in Sources */,
				96B6F4BD297C1F0A00577DAA /* Logger.swift in Sources */,
				96A6E8E12982E74C009F8642 /* Constants.swift in Sources */,
			);
			runOnlyForDeploymentPostprocessing = 0;
		};
/* End PBXSourcesBuildPhase section */

/* Begin PBXTargetDependency section */
		968568CD298289E5007F7D2A /* PBXTargetDependency */ = {
			isa = PBXTargetDependency;
			target = 968568C4298289E5007F7D2A /* DNS Packet Tunnel Extension */;
			targetProxy = 968568CC298289E5007F7D2A /* PBXContainerItemProxy */;
		};
/* End PBXTargetDependency section */

/* Begin XCBuildConfiguration section */
		968568D0298289E5007F7D2A /* Debug */ = {
			isa = XCBuildConfiguration;
			buildSettings = {
				CODE_SIGN_ENTITLEMENTS = "DNS Packet Tunnel Extension/DNS_Packet_Tunnel_Extension.entitlements";
				CODE_SIGN_STYLE = Automatic;
				CURRENT_PROJECT_VERSION = 1;
				DEVELOPMENT_TEAM = JL36X44M34;
				GENERATE_INFOPLIST_FILE = YES;
				INFOPLIST_FILE = "DNS Packet Tunnel Extension/Info.plist";
				INFOPLIST_KEY_CFBundleDisplayName = "DNS Packet Tunnel Extension";
				INFOPLIST_KEY_NSHumanReadableCopyright = "";
				IPHONEOS_DEPLOYMENT_TARGET = 16.2;
				LD_RUNPATH_SEARCH_PATHS = (
					"$(inherited)",
					"@executable_path/Frameworks",
					"@executable_path/../../Frameworks",
				);
				MARKETING_VERSION = 1.0;
				PRODUCT_BUNDLE_IDENTIFIER = "example.dns.proxy.DNS-Packet-Tunnel-Extension";
				PRODUCT_NAME = "$(TARGET_NAME)";
				SKIP_INSTALL = YES;
				SWIFT_EMIT_LOC_STRINGS = YES;
				SWIFT_VERSION = 5.0;
				TARGETED_DEVICE_FAMILY = "1,2";
			};
			name = Debug;
		};
		968568D1298289E5007F7D2A /* Release */ = {
			isa = XCBuildConfiguration;
			buildSettings = {
				CODE_SIGN_ENTITLEMENTS = "DNS Packet Tunnel Extension/DNS_Packet_Tunnel_Extension.entitlements";
				CODE_SIGN_STYLE = Automatic;
				CURRENT_PROJECT_VERSION = 1;
				DEVELOPMENT_TEAM = JL36X44M34;
				GENERATE_INFOPLIST_FILE = YES;
				INFOPLIST_FILE = "DNS Packet Tunnel Extension/Info.plist";
				INFOPLIST_KEY_CFBundleDisplayName = "DNS Packet Tunnel Extension";
				INFOPLIST_KEY_NSHumanReadableCopyright = "";
				IPHONEOS_DEPLOYMENT_TARGET = 16.2;
				LD_RUNPATH_SEARCH_PATHS = (
					"$(inherited)",
					"@executable_path/Frameworks",
					"@executable_path/../../Frameworks",
				);
				MARKETING_VERSION = 1.0;
				PRODUCT_BUNDLE_IDENTIFIER = "example.dns.proxy.DNS-Packet-Tunnel-Extension";
				PRODUCT_NAME = "$(TARGET_NAME)";
				SKIP_INSTALL = YES;
				SWIFT_EMIT_LOC_STRINGS = YES;
				SWIFT_VERSION = 5.0;
				TARGETED_DEVICE_FAMILY = "1,2";
			};
			name = Release;
		};
		96B6F4B4297C169700577DAA /* Debug */ = {
			isa = XCBuildConfiguration;
			buildSettings = {
				ALWAYS_SEARCH_USER_PATHS = NO;
				CLANG_ANALYZER_NONNULL = YES;
				CLANG_ANALYZER_NUMBER_OBJECT_CONVERSION = YES_AGGRESSIVE;
				CLANG_CXX_LANGUAGE_STANDARD = "gnu++20";
				CLANG_ENABLE_MODULES = YES;
				CLANG_ENABLE_OBJC_ARC = YES;
				CLANG_ENABLE_OBJC_WEAK = YES;
				CLANG_WARN_BLOCK_CAPTURE_AUTORELEASING = YES;
				CLANG_WARN_BOOL_CONVERSION = YES;
				CLANG_WARN_COMMA = YES;
				CLANG_WARN_CONSTANT_CONVERSION = YES;
				CLANG_WARN_DEPRECATED_OBJC_IMPLEMENTATIONS = YES;
				CLANG_WARN_DIRECT_OBJC_ISA_USAGE = YES_ERROR;
				CLANG_WARN_DOCUMENTATION_COMMENTS = YES;
				CLANG_WARN_EMPTY_BODY = YES;
				CLANG_WARN_ENUM_CONVERSION = YES;
				CLANG_WARN_INFINITE_RECURSION = YES;
				CLANG_WARN_INT_CONVERSION = YES;
				CLANG_WARN_NON_LITERAL_NULL_CONVERSION = YES;
				CLANG_WARN_OBJC_IMPLICIT_RETAIN_SELF = YES;
				CLANG_WARN_OBJC_LITERAL_CONVERSION = YES;
				CLANG_WARN_OBJC_ROOT_CLASS = YES_ERROR;
				CLANG_WARN_QUOTED_INCLUDE_IN_FRAMEWORK_HEADER = YES;
				CLANG_WARN_RANGE_LOOP_ANALYSIS = YES;
				CLANG_WARN_STRICT_PROTOTYPES = YES;
				CLANG_WARN_SUSPICIOUS_MOVE = YES;
				CLANG_WARN_UNGUARDED_AVAILABILITY = YES_AGGRESSIVE;
				CLANG_WARN_UNREACHABLE_CODE = YES;
				CLANG_WARN__DUPLICATE_METHOD_MATCH = YES;
				COPY_PHASE_STRIP = NO;
				DEBUG_INFORMATION_FORMAT = dwarf;
				ENABLE_STRICT_OBJC_MSGSEND = YES;
				ENABLE_TESTABILITY = YES;
				GCC_C_LANGUAGE_STANDARD = gnu11;
				GCC_DYNAMIC_NO_PIC = NO;
				GCC_NO_COMMON_BLOCKS = YES;
				GCC_OPTIMIZATION_LEVEL = 0;
				GCC_PREPROCESSOR_DEFINITIONS = (
					"DEBUG=1",
					"$(inherited)",
				);
				GCC_WARN_64_TO_32_BIT_CONVERSION = YES;
				GCC_WARN_ABOUT_RETURN_TYPE = YES_ERROR;
				GCC_WARN_UNDECLARED_SELECTOR = YES;
				GCC_WARN_UNINITIALIZED_AUTOS = YES_AGGRESSIVE;
				GCC_WARN_UNUSED_FUNCTION = YES;
				GCC_WARN_UNUSED_VARIABLE = YES;
				IPHONEOS_DEPLOYMENT_TARGET = 14.0;
				MTL_ENABLE_DEBUG_INFO = INCLUDE_SOURCE;
				MTL_FAST_MATH = YES;
				ONLY_ACTIVE_ARCH = YES;
				SDKROOT = iphoneos;
				SWIFT_ACTIVE_COMPILATION_CONDITIONS = DEBUG;
				SWIFT_OPTIMIZATION_LEVEL = "-Onone";
			};
			name = Debug;
		};
		96B6F4B5297C169700577DAA /* Release */ = {
			isa = XCBuildConfiguration;
			buildSettings = {
				ALWAYS_SEARCH_USER_PATHS = NO;
				CLANG_ANALYZER_NONNULL = YES;
				CLANG_ANALYZER_NUMBER_OBJECT_CONVERSION = YES_AGGRESSIVE;
				CLANG_CXX_LANGUAGE_STANDARD = "gnu++20";
				CLANG_ENABLE_MODULES = YES;
				CLANG_ENABLE_OBJC_ARC = YES;
				CLANG_ENABLE_OBJC_WEAK = YES;
				CLANG_WARN_BLOCK_CAPTURE_AUTORELEASING = YES;
				CLANG_WARN_BOOL_CONVERSION = YES;
				CLANG_WARN_COMMA = YES;
				CLANG_WARN_CONSTANT_CONVERSION = YES;
				CLANG_WARN_DEPRECATED_OBJC_IMPLEMENTATIONS = YES;
				CLANG_WARN_DIRECT_OBJC_ISA_USAGE = YES_ERROR;
				CLANG_WARN_DOCUMENTATION_COMMENTS = YES;
				CLANG_WARN_EMPTY_BODY = YES;
				CLANG_WARN_ENUM_CONVERSION = YES;
				CLANG_WARN_INFINITE_RECURSION = YES;
				CLANG_WARN_INT_CONVERSION = YES;
				CLANG_WARN_NON_LITERAL_NULL_CONVERSION = YES;
				CLANG_WARN_OBJC_IMPLICIT_RETAIN_SELF = YES;
				CLANG_WARN_OBJC_LITERAL_CONVERSION = YES;
				CLANG_WARN_OBJC_ROOT_CLASS = YES_ERROR;
				CLANG_WARN_QUOTED_INCLUDE_IN_FRAMEWORK_HEADER = YES;
				CLANG_WARN_RANGE_LOOP_ANALYSIS = YES;
				CLANG_WARN_STRICT_PROTOTYPES = YES;
				CLANG_WARN_SUSPICIOUS_MOVE = YES;
				CLANG_WARN_UNGUARDED_AVAILABILITY = YES_AGGRESSIVE;
				CLANG_WARN_UNREACHABLE_CODE = YES;
				CLANG_WARN__DUPLICATE_METHOD_MATCH = YES;
				COPY_PHASE_STRIP = NO;
				DEBUG_INFORMATION_FORMAT = "dwarf-with-dsym";
				ENABLE_NS_ASSERTIONS = NO;
				ENABLE_STRICT_OBJC_MSGSEND = YES;
				GCC_C_LANGUAGE_STANDARD = gnu11;
				GCC_NO_COMMON_BLOCKS = YES;
				GCC_WARN_64_TO_32_BIT_CONVERSION = YES;
				GCC_WARN_ABOUT_RETURN_TYPE = YES_ERROR;
				GCC_WARN_UNDECLARED_SELECTOR = YES;
				GCC_WARN_UNINITIALIZED_AUTOS = YES_AGGRESSIVE;
				GCC_WARN_UNUSED_FUNCTION = YES;
				GCC_WARN_UNUSED_VARIABLE = YES;
				IPHONEOS_DEPLOYMENT_TARGET = 14.0;
				MTL_ENABLE_DEBUG_INFO = NO;
				MTL_FAST_MATH = YES;
				SDKROOT = iphoneos;
				SWIFT_COMPILATION_MODE = wholemodule;
				SWIFT_OPTIMIZATION_LEVEL = "-O";
				VALIDATE_PRODUCT = YES;
			};
			name = Release;
		};
		96B6F4B7297C169700577DAA /* Debug */ = {
			isa = XCBuildConfiguration;
			buildSettings = {
				ALWAYS_EMBED_SWIFT_STANDARD_LIBRARIES = YES;
				ASSETCATALOG_COMPILER_APPICON_NAME = AppIcon;
				ASSETCATALOG_COMPILER_GLOBAL_ACCENT_COLOR_NAME = AccentColor;
				CODE_SIGN_ENTITLEMENTS = "DNS Proxy/Resources/DNS Proxy.entitlements";
				CODE_SIGN_STYLE = Automatic;
				CURRENT_PROJECT_VERSION = 1;
				DEVELOPMENT_ASSET_PATHS = "\"DNS Proxy/Resources/Preview Content\"";
				DEVELOPMENT_TEAM = JL36X44M34;
				ENABLE_PREVIEWS = YES;
				GENERATE_INFOPLIST_FILE = YES;
				INFOPLIST_KEY_UIApplicationSceneManifest_Generation = YES;
				INFOPLIST_KEY_UIApplicationSupportsIndirectInputEvents = YES;
				INFOPLIST_KEY_UILaunchScreen_Generation = YES;
				INFOPLIST_KEY_UISupportedInterfaceOrientations_iPad = "UIInterfaceOrientationPortrait UIInterfaceOrientationPortraitUpsideDown UIInterfaceOrientationLandscapeLeft UIInterfaceOrientationLandscapeRight";
				INFOPLIST_KEY_UISupportedInterfaceOrientations_iPhone = "UIInterfaceOrientationPortrait UIInterfaceOrientationLandscapeLeft UIInterfaceOrientationLandscapeRight";
				LD_RUNPATH_SEARCH_PATHS = (
					"$(inherited)",
					"@executable_path/Frameworks",
				);
				MARKETING_VERSION = 1.0;
				PRODUCT_BUNDLE_IDENTIFIER = example.dns.proxy;
				PRODUCT_NAME = "$(TARGET_NAME)";
				SUPPORTED_PLATFORMS = "iphoneos iphonesimulator";
				SUPPORTS_MACCATALYST = NO;
				SUPPORTS_MAC_DESIGNED_FOR_IPHONE_IPAD = NO;
				SWIFT_EMIT_LOC_STRINGS = YES;
				SWIFT_VERSION = 5.0;
				TARGETED_DEVICE_FAMILY = 1;
			};
			name = Debug;
		};
		96B6F4B8297C169700577DAA /* Release */ = {
			isa = XCBuildConfiguration;
			buildSettings = {
				ALWAYS_EMBED_SWIFT_STANDARD_LIBRARIES = YES;
				ASSETCATALOG_COMPILER_APPICON_NAME = AppIcon;
				ASSETCATALOG_COMPILER_GLOBAL_ACCENT_COLOR_NAME = AccentColor;
				CODE_SIGN_ENTITLEMENTS = "DNS Proxy/Resources/DNS Proxy.entitlements";
				CODE_SIGN_STYLE = Automatic;
				CURRENT_PROJECT_VERSION = 1;
				DEVELOPMENT_ASSET_PATHS = "\"DNS Proxy/Resources/Preview Content\"";
				DEVELOPMENT_TEAM = JL36X44M34;
				ENABLE_PREVIEWS = YES;
				GENERATE_INFOPLIST_FILE = YES;
				INFOPLIST_KEY_UIApplicationSceneManifest_Generation = YES;
				INFOPLIST_KEY_UIApplicationSupportsIndirectInputEvents = YES;
				INFOPLIST_KEY_UILaunchScreen_Generation = YES;
				INFOPLIST_KEY_UISupportedInterfaceOrientations_iPad = "UIInterfaceOrientationPortrait UIInterfaceOrientationPortraitUpsideDown UIInterfaceOrientationLandscapeLeft UIInterfaceOrientationLandscapeRight";
				INFOPLIST_KEY_UISupportedInterfaceOrientations_iPhone = "UIInterfaceOrientationPortrait UIInterfaceOrientationLandscapeLeft UIInterfaceOrientationLandscapeRight";
				LD_RUNPATH_SEARCH_PATHS = (
					"$(inherited)",
					"@executable_path/Frameworks",
				);
				MARKETING_VERSION = 1.0;
				PRODUCT_BUNDLE_IDENTIFIER = example.dns.proxy;
				PRODUCT_NAME = "$(TARGET_NAME)";
				SUPPORTED_PLATFORMS = "iphoneos iphonesimulator";
				SUPPORTS_MACCATALYST = NO;
				SUPPORTS_MAC_DESIGNED_FOR_IPHONE_IPAD = NO;
				SWIFT_EMIT_LOC_STRINGS = YES;
				SWIFT_VERSION = 5.0;
				TARGETED_DEVICE_FAMILY = 1;
			};
			name = Release;
		};
/* End XCBuildConfiguration section */

/* Begin XCConfigurationList section */
		968568CF298289E5007F7D2A /* Build configuration list for PBXNativeTarget "DNS Packet Tunnel Extension" */ = {
			isa = XCConfigurationList;
			buildConfigurations = (
				968568D0298289E5007F7D2A /* Debug */,
				968568D1298289E5007F7D2A /* Release */,
			);
			defaultConfigurationIsVisible = 0;
			defaultConfigurationName = Release;
		};
		96B6F4A3297C169600577DAA /* Build configuration list for PBXProject "DNS Proxy" */ = {
			isa = XCConfigurationList;
			buildConfigurations = (
				96B6F4B4297C169700577DAA /* Debug */,
				96B6F4B5297C169700577DAA /* Release */,
			);
			defaultConfigurationIsVisible = 0;
			defaultConfigurationName = Release;
		};
		96B6F4B6297C169700577DAA /* Build configuration list for PBXNativeTarget "DNS Proxy" */ = {
			isa = XCConfigurationList;
			buildConfigurations = (
				96B6F4B7297C169700577DAA /* Debug */,
				96B6F4B8297C169700577DAA /* Release */,
			);
			defaultConfigurationIsVisible = 0;
			defaultConfigurationName = Release;
		};
/* End XCConfigurationList section */
	};
	rootObject = 96B6F4A0297C169600577DAA /* Project object */;
}
