// !$*UTF8*$!
{
	archiveVersion = 1;
	classes = {
	};
	objectVersion = 56;
	objects = {

/* Begin PBXBuildFile section */
		9685689C298026A6007F7D2A /* Datagram.swift in Sources */ = {isa = PBXBuildFile; fileRef = 9685689B298026A6007F7D2A /* Datagram.swift */; };
		9685689E29814A38007F7D2A /* Collection+Parallel.swift in Sources */ = {isa = PBXBuildFile; fileRef = 9685689D29814A38007F7D2A /* Collection+Parallel.swift */; };
		968568A129815744007F7D2A /* NSError+Convenience.swift in Sources */ = {isa = PBXBuildFile; fileRef = 968568A029815744007F7D2A /* NSError+Convenience.swift */; };
		968568A329815767007F7D2A /* NWConnection+Convenience.swift in Sources */ = {isa = PBXBuildFile; fileRef = 968568A229815767007F7D2A /* NWConnection+Convenience.swift */; };
		968568A529815800007F7D2A /* DatagramConnection.swift in Sources */ = {isa = PBXBuildFile; fileRef = 968568A429815800007F7D2A /* DatagramConnection.swift */; };
		968568A729815990007F7D2A /* NEAppProxyUDPFlow+Datagram.swift in Sources */ = {isa = PBXBuildFile; fileRef = 968568A629815990007F7D2A /* NEAppProxyUDPFlow+Datagram.swift */; };
		968568A9298159A2007F7D2A /* Result+Convenience.swift in Sources */ = {isa = PBXBuildFile; fileRef = 968568A8298159A2007F7D2A /* Result+Convenience.swift */; };
		968568AB298159DC007F7D2A /* NEAppProxyFlow+Convenience.swift in Sources */ = {isa = PBXBuildFile; fileRef = 968568AA298159DC007F7D2A /* NEAppProxyFlow+Convenience.swift */; };
		968568AD29815A30007F7D2A /* CheckedContinuation+Convenience.swift in Sources */ = {isa = PBXBuildFile; fileRef = 968568AC29815A30007F7D2A /* CheckedContinuation+Convenience.swift */; };
		96B6F4AC297C169600577DAA /* DNS_ProxyApp.swift in Sources */ = {isa = PBXBuildFile; fileRef = 96B6F4AB297C169600577DAA /* DNS_ProxyApp.swift */; };
		96B6F4AE297C169600577DAA /* ContentView.swift in Sources */ = {isa = PBXBuildFile; fileRef = 96B6F4AD297C169600577DAA /* ContentView.swift */; };
		96B6F4B0297C169700577DAA /* Assets.xcassets in Resources */ = {isa = PBXBuildFile; fileRef = 96B6F4AF297C169700577DAA /* Assets.xcassets */; };
		96B6F4B3297C169700577DAA /* Preview Assets.xcassets in Resources */ = {isa = PBXBuildFile; fileRef = 96B6F4B2297C169700577DAA /* Preview Assets.xcassets */; };
		96B6F4BB297C1EF000577DAA /* NEDNSProxyManager+Utilities.swift in Sources */ = {isa = PBXBuildFile; fileRef = 96B6F4BA297C1EF000577DAA /* NEDNSProxyManager+Utilities.swift */; };
		96B6F4BD297C1F0A00577DAA /* Logger.swift in Sources */ = {isa = PBXBuildFile; fileRef = 96B6F4BC297C1F0A00577DAA /* Logger.swift */; };
		96B6F4BF297C1FD600577DAA /* DNSProxyManager.swift in Sources */ = {isa = PBXBuildFile; fileRef = 96B6F4BE297C1FD600577DAA /* DNSProxyManager.swift */; };
		96B6F4C8297C260F00577DAA /* NetworkExtension.framework in Frameworks */ = {isa = PBXBuildFile; fileRef = 96B6F4C7297C260F00577DAA /* NetworkExtension.framework */; };
		96B6F4CB297C260F00577DAA /* DNSProxyProvider.swift in Sources */ = {isa = PBXBuildFile; fileRef = 96B6F4CA297C260F00577DAA /* DNSProxyProvider.swift */; };
		96B6F4D0297C260F00577DAA /* DNS Proxy Extension.appex in Embed Foundation Extensions */ = {isa = PBXBuildFile; fileRef = 96B6F4C5297C260F00577DAA /* DNS Proxy Extension.appex */; settings = {ATTRIBUTES = (RemoveHeadersOnCopy, ); }; };
		96B6F4D5297C261700577DAA /* Logger.swift in Sources */ = {isa = PBXBuildFile; fileRef = 96B6F4BC297C1F0A00577DAA /* Logger.swift */; };
/* End PBXBuildFile section */

/* Begin PBXContainerItemProxy section */
		96B6F4CE297C260F00577DAA /* PBXContainerItemProxy */ = {
			isa = PBXContainerItemProxy;
			containerPortal = 96B6F4A0297C169600577DAA /* Project object */;
			proxyType = 1;
			remoteGlobalIDString = 96B6F4C4297C260F00577DAA;
			remoteInfo = "DNS Proxy Extension";
		};
/* End PBXContainerItemProxy section */

/* Begin PBXCopyFilesBuildPhase section */
		96B6F4D4297C260F00577DAA /* Embed Foundation Extensions */ = {
			isa = PBXCopyFilesBuildPhase;
			buildActionMask = 2147483647;
			dstPath = "";
			dstSubfolderSpec = 13;
			files = (
				96B6F4D0297C260F00577DAA /* DNS Proxy Extension.appex in Embed Foundation Extensions */,
			);
			name = "Embed Foundation Extensions";
			runOnlyForDeploymentPostprocessing = 0;
		};
/* End PBXCopyFilesBuildPhase section */

/* Begin PBXFileReference section */
		9685689B298026A6007F7D2A /* Datagram.swift */ = {isa = PBXFileReference; lastKnownFileType = sourcecode.swift; path = Datagram.swift; sourceTree = "<group>"; };
		9685689D29814A38007F7D2A /* Collection+Parallel.swift */ = {isa = PBXFileReference; lastKnownFileType = sourcecode.swift; path = "Collection+Parallel.swift"; sourceTree = "<group>"; };
		968568A029815744007F7D2A /* NSError+Convenience.swift */ = {isa = PBXFileReference; lastKnownFileType = sourcecode.swift; path = "NSError+Convenience.swift"; sourceTree = "<group>"; };
		968568A229815767007F7D2A /* NWConnection+Convenience.swift */ = {isa = PBXFileReference; lastKnownFileType = sourcecode.swift; path = "NWConnection+Convenience.swift"; sourceTree = "<group>"; };
		968568A429815800007F7D2A /* DatagramConnection.swift */ = {isa = PBXFileReference; lastKnownFileType = sourcecode.swift; path = DatagramConnection.swift; sourceTree = "<group>"; };
		968568A629815990007F7D2A /* NEAppProxyUDPFlow+Datagram.swift */ = {isa = PBXFileReference; lastKnownFileType = sourcecode.swift; path = "NEAppProxyUDPFlow+Datagram.swift"; sourceTree = "<group>"; };
		968568A8298159A2007F7D2A /* Result+Convenience.swift */ = {isa = PBXFileReference; lastKnownFileType = sourcecode.swift; path = "Result+Convenience.swift"; sourceTree = "<group>"; };
		968568AA298159DC007F7D2A /* NEAppProxyFlow+Convenience.swift */ = {isa = PBXFileReference; lastKnownFileType = sourcecode.swift; path = "NEAppProxyFlow+Convenience.swift"; sourceTree = "<group>"; };
		968568AC29815A30007F7D2A /* CheckedContinuation+Convenience.swift */ = {isa = PBXFileReference; lastKnownFileType = sourcecode.swift; path = "CheckedContinuation+Convenience.swift"; sourceTree = "<group>"; };
		96B6F4A8297C169600577DAA /* DNS Proxy.app */ = {isa = PBXFileReference; explicitFileType = wrapper.application; includeInIndex = 0; path = "DNS Proxy.app"; sourceTree = BUILT_PRODUCTS_DIR; };
		96B6F4AB297C169600577DAA /* DNS_ProxyApp.swift */ = {isa = PBXFileReference; lastKnownFileType = sourcecode.swift; path = DNS_ProxyApp.swift; sourceTree = "<group>"; };
		96B6F4AD297C169600577DAA /* ContentView.swift */ = {isa = PBXFileReference; lastKnownFileType = sourcecode.swift; path = ContentView.swift; sourceTree = "<group>"; };
		96B6F4AF297C169700577DAA /* Assets.xcassets */ = {isa = PBXFileReference; lastKnownFileType = folder.assetcatalog; path = Assets.xcassets; sourceTree = "<group>"; };
		96B6F4B2297C169700577DAA /* Preview Assets.xcassets */ = {isa = PBXFileReference; lastKnownFileType = folder.assetcatalog; path = "Preview Assets.xcassets"; sourceTree = "<group>"; };
		96B6F4B9297C16AA00577DAA /* DNS Proxy.entitlements */ = {isa = PBXFileReference; lastKnownFileType = text.plist.entitlements; path = "DNS Proxy.entitlements"; sourceTree = "<group>"; };
		96B6F4BA297C1EF000577DAA /* NEDNSProxyManager+Utilities.swift */ = {isa = PBXFileReference; lastKnownFileType = sourcecode.swift; path = "NEDNSProxyManager+Utilities.swift"; sourceTree = "<group>"; };
		96B6F4BC297C1F0A00577DAA /* Logger.swift */ = {isa = PBXFileReference; lastKnownFileType = sourcecode.swift; path = Logger.swift; sourceTree = "<group>"; };
		96B6F4BE297C1FD600577DAA /* DNSProxyManager.swift */ = {isa = PBXFileReference; lastKnownFileType = sourcecode.swift; path = DNSProxyManager.swift; sourceTree = "<group>"; };
		96B6F4C5297C260F00577DAA /* DNS Proxy Extension.appex */ = {isa = PBXFileReference; explicitFileType = "wrapper.app-extension"; includeInIndex = 0; path = "DNS Proxy Extension.appex"; sourceTree = BUILT_PRODUCTS_DIR; };
		96B6F4C7297C260F00577DAA /* NetworkExtension.framework */ = {isa = PBXFileReference; lastKnownFileType = wrapper.framework; name = NetworkExtension.framework; path = System/Library/Frameworks/NetworkExtension.framework; sourceTree = SDKROOT; };
		96B6F4CA297C260F00577DAA /* DNSProxyProvider.swift */ = {isa = PBXFileReference; lastKnownFileType = sourcecode.swift; path = DNSProxyProvider.swift; sourceTree = "<group>"; };
		96B6F4CC297C260F00577DAA /* Info.plist */ = {isa = PBXFileReference; lastKnownFileType = text.plist.xml; path = Info.plist; sourceTree = "<group>"; };
		96B6F4CD297C260F00577DAA /* DNS_Proxy_Extension.entitlements */ = {isa = PBXFileReference; lastKnownFileType = text.plist.entitlements; path = DNS_Proxy_Extension.entitlements; sourceTree = "<group>"; };
/* End PBXFileReference section */

/* Begin PBXFrameworksBuildPhase section */
		96B6F4A5297C169600577DAA /* Frameworks */ = {
			isa = PBXFrameworksBuildPhase;
			buildActionMask = 2147483647;
			files = (
			);
			runOnlyForDeploymentPostprocessing = 0;
		};
		96B6F4C2297C260F00577DAA /* Frameworks */ = {
			isa = PBXFrameworksBuildPhase;
			buildActionMask = 2147483647;
			files = (
				96B6F4C8297C260F00577DAA /* NetworkExtension.framework in Frameworks */,
			);
			runOnlyForDeploymentPostprocessing = 0;
		};
/* End PBXFrameworksBuildPhase section */

/* Begin PBXGroup section */
		9685689F29815738007F7D2A /* Extensions */ = {
			isa = PBXGroup;
			children = (
				968568AC29815A30007F7D2A /* CheckedContinuation+Convenience.swift */,
				9685689D29814A38007F7D2A /* Collection+Parallel.swift */,
				968568AA298159DC007F7D2A /* NEAppProxyFlow+Convenience.swift */,
				968568A629815990007F7D2A /* NEAppProxyUDPFlow+Datagram.swift */,
				968568A029815744007F7D2A /* NSError+Convenience.swift */,
				968568A229815767007F7D2A /* NWConnection+Convenience.swift */,
				968568A8298159A2007F7D2A /* Result+Convenience.swift */,
			);
			path = Extensions;
			sourceTree = "<group>";
		};
		968568AE29815CE6007F7D2A /* UDP */ = {
			isa = PBXGroup;
			children = (
				9685689B298026A6007F7D2A /* Datagram.swift */,
				968568A429815800007F7D2A /* DatagramConnection.swift */,
			);
			path = UDP;
			sourceTree = "<group>";
		};
		96B6F49F297C169600577DAA = {
			isa = PBXGroup;
			children = (
				96B6F4C0297C25F400577DAA /* Common */,
				96B6F4AA297C169600577DAA /* DNS Proxy */,
				96B6F4C9297C260F00577DAA /* DNS Proxy Extension */,
				96B6F4C6297C260F00577DAA /* Frameworks */,
				96B6F4A9297C169600577DAA /* Products */,
			);
			sourceTree = "<group>";
		};
		96B6F4A9297C169600577DAA /* Products */ = {
			isa = PBXGroup;
			children = (
				96B6F4A8297C169600577DAA /* DNS Proxy.app */,
				96B6F4C5297C260F00577DAA /* DNS Proxy Extension.appex */,
			);
			name = Products;
			sourceTree = "<group>";
		};
		96B6F4AA297C169600577DAA /* DNS Proxy */ = {
			isa = PBXGroup;
			children = (
				96B6F4B9297C16AA00577DAA /* DNS Proxy.entitlements */,
				96B6F4AD297C169600577DAA /* ContentView.swift */,
				96B6F4AB297C169600577DAA /* DNS_ProxyApp.swift */,
				96B6F4BE297C1FD600577DAA /* DNSProxyManager.swift */,
				96B6F4BA297C1EF000577DAA /* NEDNSProxyManager+Utilities.swift */,
				96B6F4AF297C169700577DAA /* Assets.xcassets */,
				96B6F4B1297C169700577DAA /* Preview Content */,
			);
			path = "DNS Proxy";
			sourceTree = "<group>";
		};
		96B6F4B1297C169700577DAA /* Preview Content */ = {
			isa = PBXGroup;
			children = (
				96B6F4B2297C169700577DAA /* Preview Assets.xcassets */,
			);
			path = "Preview Content";
			sourceTree = "<group>";
		};
		96B6F4C0297C25F400577DAA /* Common */ = {
			isa = PBXGroup;
			children = (
				96B6F4BC297C1F0A00577DAA /* Logger.swift */,
			);
			path = Common;
			sourceTree = "<group>";
		};
		96B6F4C6297C260F00577DAA /* Frameworks */ = {
			isa = PBXGroup;
			children = (
				96B6F4C7297C260F00577DAA /* NetworkExtension.framework */,
			);
			name = Frameworks;
			sourceTree = "<group>";
		};
		96B6F4C9297C260F00577DAA /* DNS Proxy Extension */ = {
			isa = PBXGroup;
			children = (
				96B6F4CD297C260F00577DAA /* DNS_Proxy_Extension.entitlements */,
				96B6F4CA297C260F00577DAA /* DNSProxyProvider.swift */,
				9685689F29815738007F7D2A /* Extensions */,
				96B6F4CC297C260F00577DAA /* Info.plist */,
				968568AE29815CE6007F7D2A /* UDP */,
			);
			path = "DNS Proxy Extension";
			sourceTree = "<group>";
		};
/* End PBXGroup section */

/* Begin PBXNativeTarget section */
		96B6F4A7297C169600577DAA /* DNS Proxy */ = {
			isa = PBXNativeTarget;
			buildConfigurationList = 96B6F4B6297C169700577DAA /* Build configuration list for PBXNativeTarget "DNS Proxy" */;
			buildPhases = (
				96B6F4A4297C169600577DAA /* Sources */,
				96B6F4A5297C169600577DAA /* Frameworks */,
				96B6F4A6297C169600577DAA /* Resources */,
				96B6F4D4297C260F00577DAA /* Embed Foundation Extensions */,
			);
			buildRules = (
			);
			dependencies = (
				96B6F4CF297C260F00577DAA /* PBXTargetDependency */,
			);
			name = "DNS Proxy";
			productName = "DNS Proxy";
			productReference = 96B6F4A8297C169600577DAA /* DNS Proxy.app */;
			productType = "com.apple.product-type.application";
		};
		96B6F4C4297C260F00577DAA /* DNS Proxy Extension */ = {
			isa = PBXNativeTarget;
			buildConfigurationList = 96B6F4D1297C260F00577DAA /* Build configuration list for PBXNativeTarget "DNS Proxy Extension" */;
			buildPhases = (
				96B6F4C1297C260F00577DAA /* Sources */,
				96B6F4C2297C260F00577DAA /* Frameworks */,
				96B6F4C3297C260F00577DAA /* Resources */,
			);
			buildRules = (
			);
			dependencies = (
			);
			name = "DNS Proxy Extension";
			productName = "DNS Proxy Extension";
			productReference = 96B6F4C5297C260F00577DAA /* DNS Proxy Extension.appex */;
			productType = "com.apple.product-type.app-extension";
		};
/* End PBXNativeTarget section */

/* Begin PBXProject section */
		96B6F4A0297C169600577DAA /* Project object */ = {
			isa = PBXProject;
			attributes = {
				BuildIndependentTargetsInParallel = 1;
				LastSwiftUpdateCheck = 1420;
				LastUpgradeCheck = 1420;
				TargetAttributes = {
					96B6F4A7297C169600577DAA = {
						CreatedOnToolsVersion = 14.2;
					};
					96B6F4C4297C260F00577DAA = {
						CreatedOnToolsVersion = 14.2;
					};
				};
			};
			buildConfigurationList = 96B6F4A3297C169600577DAA /* Build configuration list for PBXProject "DNS Proxy" */;
			compatibilityVersion = "Xcode 14.0";
			developmentRegion = en;
			hasScannedForEncodings = 0;
			knownRegions = (
				en,
				Base,
			);
			mainGroup = 96B6F49F297C169600577DAA;
			productRefGroup = 96B6F4A9297C169600577DAA /* Products */;
			projectDirPath = "";
			projectRoot = "";
			targets = (
				96B6F4A7297C169600577DAA /* DNS Proxy */,
				96B6F4C4297C260F00577DAA /* DNS Proxy Extension */,
			);
		};
/* End PBXProject section */

/* Begin PBXResourcesBuildPhase section */
		96B6F4A6297C169600577DAA /* Resources */ = {
			isa = PBXResourcesBuildPhase;
			buildActionMask = 2147483647;
			files = (
				96B6F4B3297C169700577DAA /* Preview Assets.xcassets in Resources */,
				96B6F4B0297C169700577DAA /* Assets.xcassets in Resources */,
			);
			runOnlyForDeploymentPostprocessing = 0;
		};
		96B6F4C3297C260F00577DAA /* Resources */ = {
			isa = PBXResourcesBuildPhase;
			buildActionMask = 2147483647;
			files = (
			);
			runOnlyForDeploymentPostprocessing = 0;
		};
/* End PBXResourcesBuildPhase section */

/* Begin PBXSourcesBuildPhase section */
		96B6F4A4297C169600577DAA /* Sources */ = {
			isa = PBXSourcesBuildPhase;
			buildActionMask = 2147483647;
			files = (
				96B6F4AE297C169600577DAA /* ContentView.swift in Sources */,
				96B6F4BB297C1EF000577DAA /* NEDNSProxyManager+Utilities.swift in Sources */,
				96B6F4BF297C1FD600577DAA /* DNSProxyManager.swift in Sources */,
				96B6F4AC297C169600577DAA /* DNS_ProxyApp.swift in Sources */,
				96B6F4BD297C1F0A00577DAA /* Logger.swift in Sources */,
			);
			runOnlyForDeploymentPostprocessing = 0;
		};
		96B6F4C1297C260F00577DAA /* Sources */ = {
			isa = PBXSourcesBuildPhase;
			buildActionMask = 2147483647;
			files = (
				968568AB298159DC007F7D2A /* NEAppProxyFlow+Convenience.swift in Sources */,
				9685689E29814A38007F7D2A /* Collection+Parallel.swift in Sources */,
				9685689C298026A6007F7D2A /* Datagram.swift in Sources */,
				968568A529815800007F7D2A /* DatagramConnection.swift in Sources */,
				968568A9298159A2007F7D2A /* Result+Convenience.swift in Sources */,
				96B6F4CB297C260F00577DAA /* DNSProxyProvider.swift in Sources */,
				968568A729815990007F7D2A /* NEAppProxyUDPFlow+Datagram.swift in Sources */,
				968568A129815744007F7D2A /* NSError+Convenience.swift in Sources */,
				968568A329815767007F7D2A /* NWConnection+Convenience.swift in Sources */,
				968568AD29815A30007F7D2A /* CheckedContinuation+Convenience.swift in Sources */,
				96B6F4D5297C261700577DAA /* Logger.swift in Sources */,
			);
			runOnlyForDeploymentPostprocessing = 0;
		};
/* End PBXSourcesBuildPhase section */

/* Begin PBXTargetDependency section */
		96B6F4CF297C260F00577DAA /* PBXTargetDependency */ = {
			isa = PBXTargetDependency;
			target = 96B6F4C4297C260F00577DAA /* DNS Proxy Extension */;
			targetProxy = 96B6F4CE297C260F00577DAA /* PBXContainerItemProxy */;
		};
/* End PBXTargetDependency section */

/* Begin XCBuildConfiguration section */
		96B6F4B4297C169700577DAA /* Debug */ = {
			isa = XCBuildConfiguration;
			buildSettings = {
				ALWAYS_SEARCH_USER_PATHS = NO;
				CLANG_ANALYZER_NONNULL = YES;
				CLANG_ANALYZER_NUMBER_OBJECT_CONVERSION = YES_AGGRESSIVE;
				CLANG_CXX_LANGUAGE_STANDARD = "gnu++20";
				CLANG_ENABLE_MODULES = YES;
				CLANG_ENABLE_OBJC_ARC = YES;
				CLANG_ENABLE_OBJC_WEAK = YES;
				CLANG_WARN_BLOCK_CAPTURE_AUTORELEASING = YES;
				CLANG_WARN_BOOL_CONVERSION = YES;
				CLANG_WARN_COMMA = YES;
				CLANG_WARN_CONSTANT_CONVERSION = YES;
				CLANG_WARN_DEPRECATED_OBJC_IMPLEMENTATIONS = YES;
				CLANG_WARN_DIRECT_OBJC_ISA_USAGE = YES_ERROR;
				CLANG_WARN_DOCUMENTATION_COMMENTS = YES;
				CLANG_WARN_EMPTY_BODY = YES;
				CLANG_WARN_ENUM_CONVERSION = YES;
				CLANG_WARN_INFINITE_RECURSION = YES;
				CLANG_WARN_INT_CONVERSION = YES;
				CLANG_WARN_NON_LITERAL_NULL_CONVERSION = YES;
				CLANG_WARN_OBJC_IMPLICIT_RETAIN_SELF = YES;
				CLANG_WARN_OBJC_LITERAL_CONVERSION = YES;
				CLANG_WARN_OBJC_ROOT_CLASS = YES_ERROR;
				CLANG_WARN_QUOTED_INCLUDE_IN_FRAMEWORK_HEADER = YES;
				CLANG_WARN_RANGE_LOOP_ANALYSIS = YES;
				CLANG_WARN_STRICT_PROTOTYPES = YES;
				CLANG_WARN_SUSPICIOUS_MOVE = YES;
				CLANG_WARN_UNGUARDED_AVAILABILITY = YES_AGGRESSIVE;
				CLANG_WARN_UNREACHABLE_CODE = YES;
				CLANG_WARN__DUPLICATE_METHOD_MATCH = YES;
				COPY_PHASE_STRIP = NO;
				DEBUG_INFORMATION_FORMAT = dwarf;
				ENABLE_STRICT_OBJC_MSGSEND = YES;
				ENABLE_TESTABILITY = YES;
				GCC_C_LANGUAGE_STANDARD = gnu11;
				GCC_DYNAMIC_NO_PIC = NO;
				GCC_NO_COMMON_BLOCKS = YES;
				GCC_OPTIMIZATION_LEVEL = 0;
				GCC_PREPROCESSOR_DEFINITIONS = (
					"DEBUG=1",
					"$(inherited)",
				);
				GCC_WARN_64_TO_32_BIT_CONVERSION = YES;
				GCC_WARN_ABOUT_RETURN_TYPE = YES_ERROR;
				GCC_WARN_UNDECLARED_SELECTOR = YES;
				GCC_WARN_UNINITIALIZED_AUTOS = YES_AGGRESSIVE;
				GCC_WARN_UNUSED_FUNCTION = YES;
				GCC_WARN_UNUSED_VARIABLE = YES;
				IPHONEOS_DEPLOYMENT_TARGET = 14.0;
				MTL_ENABLE_DEBUG_INFO = INCLUDE_SOURCE;
				MTL_FAST_MATH = YES;
				ONLY_ACTIVE_ARCH = YES;
				SDKROOT = iphoneos;
				SWIFT_ACTIVE_COMPILATION_CONDITIONS = DEBUG;
				SWIFT_OPTIMIZATION_LEVEL = "-Onone";
			};
			name = Debug;
		};
		96B6F4B5297C169700577DAA /* Release */ = {
			isa = XCBuildConfiguration;
			buildSettings = {
				ALWAYS_SEARCH_USER_PATHS = NO;
				CLANG_ANALYZER_NONNULL = YES;
				CLANG_ANALYZER_NUMBER_OBJECT_CONVERSION = YES_AGGRESSIVE;
				CLANG_CXX_LANGUAGE_STANDARD = "gnu++20";
				CLANG_ENABLE_MODULES = YES;
				CLANG_ENABLE_OBJC_ARC = YES;
				CLANG_ENABLE_OBJC_WEAK = YES;
				CLANG_WARN_BLOCK_CAPTURE_AUTORELEASING = YES;
				CLANG_WARN_BOOL_CONVERSION = YES;
				CLANG_WARN_COMMA = YES;
				CLANG_WARN_CONSTANT_CONVERSION = YES;
				CLANG_WARN_DEPRECATED_OBJC_IMPLEMENTATIONS = YES;
				CLANG_WARN_DIRECT_OBJC_ISA_USAGE = YES_ERROR;
				CLANG_WARN_DOCUMENTATION_COMMENTS = YES;
				CLANG_WARN_EMPTY_BODY = YES;
				CLANG_WARN_ENUM_CONVERSION = YES;
				CLANG_WARN_INFINITE_RECURSION = YES;
				CLANG_WARN_INT_CONVERSION = YES;
				CLANG_WARN_NON_LITERAL_NULL_CONVERSION = YES;
				CLANG_WARN_OBJC_IMPLICIT_RETAIN_SELF = YES;
				CLANG_WARN_OBJC_LITERAL_CONVERSION = YES;
				CLANG_WARN_OBJC_ROOT_CLASS = YES_ERROR;
				CLANG_WARN_QUOTED_INCLUDE_IN_FRAMEWORK_HEADER = YES;
				CLANG_WARN_RANGE_LOOP_ANALYSIS = YES;
				CLANG_WARN_STRICT_PROTOTYPES = YES;
				CLANG_WARN_SUSPICIOUS_MOVE = YES;
				CLANG_WARN_UNGUARDED_AVAILABILITY = YES_AGGRESSIVE;
				CLANG_WARN_UNREACHABLE_CODE = YES;
				CLANG_WARN__DUPLICATE_METHOD_MATCH = YES;
				COPY_PHASE_STRIP = NO;
				DEBUG_INFORMATION_FORMAT = "dwarf-with-dsym";
				ENABLE_NS_ASSERTIONS = NO;
				ENABLE_STRICT_OBJC_MSGSEND = YES;
				GCC_C_LANGUAGE_STANDARD = gnu11;
				GCC_NO_COMMON_BLOCKS = YES;
				GCC_WARN_64_TO_32_BIT_CONVERSION = YES;
				GCC_WARN_ABOUT_RETURN_TYPE = YES_ERROR;
				GCC_WARN_UNDECLARED_SELECTOR = YES;
				GCC_WARN_UNINITIALIZED_AUTOS = YES_AGGRESSIVE;
				GCC_WARN_UNUSED_FUNCTION = YES;
				GCC_WARN_UNUSED_VARIABLE = YES;
				IPHONEOS_DEPLOYMENT_TARGET = 14.0;
				MTL_ENABLE_DEBUG_INFO = NO;
				MTL_FAST_MATH = YES;
				SDKROOT = iphoneos;
				SWIFT_COMPILATION_MODE = wholemodule;
				SWIFT_OPTIMIZATION_LEVEL = "-O";
				VALIDATE_PRODUCT = YES;
			};
			name = Release;
		};
		96B6F4B7297C169700577DAA /* Debug */ = {
			isa = XCBuildConfiguration;
			buildSettings = {
				ALWAYS_EMBED_SWIFT_STANDARD_LIBRARIES = YES;
				ASSETCATALOG_COMPILER_APPICON_NAME = AppIcon;
				ASSETCATALOG_COMPILER_GLOBAL_ACCENT_COLOR_NAME = AccentColor;
				CODE_SIGN_ENTITLEMENTS = "DNS Proxy/DNS Proxy.entitlements";
				CODE_SIGN_STYLE = Automatic;
				CURRENT_PROJECT_VERSION = 1;
				DEVELOPMENT_ASSET_PATHS = "\"DNS Proxy/Preview Content\"";
				DEVELOPMENT_TEAM = JL36X44M34;
				ENABLE_PREVIEWS = YES;
				GENERATE_INFOPLIST_FILE = YES;
				INFOPLIST_KEY_UIApplicationSceneManifest_Generation = YES;
				INFOPLIST_KEY_UIApplicationSupportsIndirectInputEvents = YES;
				INFOPLIST_KEY_UILaunchScreen_Generation = YES;
				INFOPLIST_KEY_UISupportedInterfaceOrientations_iPad = "UIInterfaceOrientationPortrait UIInterfaceOrientationPortraitUpsideDown UIInterfaceOrientationLandscapeLeft UIInterfaceOrientationLandscapeRight";
				INFOPLIST_KEY_UISupportedInterfaceOrientations_iPhone = "UIInterfaceOrientationPortrait UIInterfaceOrientationLandscapeLeft UIInterfaceOrientationLandscapeRight";
				LD_RUNPATH_SEARCH_PATHS = (
					"$(inherited)",
					"@executable_path/Frameworks",
				);
				MARKETING_VERSION = 1.0;
				PRODUCT_BUNDLE_IDENTIFIER = example.dns.proxy;
				PRODUCT_NAME = "$(TARGET_NAME)";
				SUPPORTED_PLATFORMS = "iphoneos iphonesimulator";
				SUPPORTS_MACCATALYST = NO;
				SUPPORTS_MAC_DESIGNED_FOR_IPHONE_IPAD = NO;
				SWIFT_EMIT_LOC_STRINGS = YES;
				SWIFT_VERSION = 5.0;
				TARGETED_DEVICE_FAMILY = 1;
			};
			name = Debug;
		};
		96B6F4B8297C169700577DAA /* Release */ = {
			isa = XCBuildConfiguration;
			buildSettings = {
				ALWAYS_EMBED_SWIFT_STANDARD_LIBRARIES = YES;
				ASSETCATALOG_COMPILER_APPICON_NAME = AppIcon;
				ASSETCATALOG_COMPILER_GLOBAL_ACCENT_COLOR_NAME = AccentColor;
				CODE_SIGN_ENTITLEMENTS = "DNS Proxy/DNS Proxy.entitlements";
				CODE_SIGN_STYLE = Automatic;
				CURRENT_PROJECT_VERSION = 1;
				DEVELOPMENT_ASSET_PATHS = "\"DNS Proxy/Preview Content\"";
				DEVELOPMENT_TEAM = JL36X44M34;
				ENABLE_PREVIEWS = YES;
				GENERATE_INFOPLIST_FILE = YES;
				INFOPLIST_KEY_UIApplicationSceneManifest_Generation = YES;
				INFOPLIST_KEY_UIApplicationSupportsIndirectInputEvents = YES;
				INFOPLIST_KEY_UILaunchScreen_Generation = YES;
				INFOPLIST_KEY_UISupportedInterfaceOrientations_iPad = "UIInterfaceOrientationPortrait UIInterfaceOrientationPortraitUpsideDown UIInterfaceOrientationLandscapeLeft UIInterfaceOrientationLandscapeRight";
				INFOPLIST_KEY_UISupportedInterfaceOrientations_iPhone = "UIInterfaceOrientationPortrait UIInterfaceOrientationLandscapeLeft UIInterfaceOrientationLandscapeRight";
				LD_RUNPATH_SEARCH_PATHS = (
					"$(inherited)",
					"@executable_path/Frameworks",
				);
				MARKETING_VERSION = 1.0;
				PRODUCT_BUNDLE_IDENTIFIER = example.dns.proxy;
				PRODUCT_NAME = "$(TARGET_NAME)";
				SUPPORTED_PLATFORMS = "iphoneos iphonesimulator";
				SUPPORTS_MACCATALYST = NO;
				SUPPORTS_MAC_DESIGNED_FOR_IPHONE_IPAD = NO;
				SWIFT_EMIT_LOC_STRINGS = YES;
				SWIFT_VERSION = 5.0;
				TARGETED_DEVICE_FAMILY = 1;
			};
			name = Release;
		};
		96B6F4D2297C260F00577DAA /* Debug */ = {
			isa = XCBuildConfiguration;
			buildSettings = {
				CODE_SIGN_ENTITLEMENTS = "DNS Proxy Extension/DNS_Proxy_Extension.entitlements";
				CODE_SIGN_STYLE = Automatic;
				CURRENT_PROJECT_VERSION = 1;
				DEVELOPMENT_TEAM = JL36X44M34;
				GENERATE_INFOPLIST_FILE = YES;
				INFOPLIST_FILE = "DNS Proxy Extension/Info.plist";
				INFOPLIST_KEY_CFBundleDisplayName = "DNS Proxy Extension";
				INFOPLIST_KEY_NSHumanReadableCopyright = "";
				IPHONEOS_DEPLOYMENT_TARGET = 16.2;
				LD_RUNPATH_SEARCH_PATHS = (
					"$(inherited)",
					"@executable_path/Frameworks",
					"@executable_path/../../Frameworks",
				);
				MARKETING_VERSION = 1.0;
				PRODUCT_BUNDLE_IDENTIFIER = "example.dns.proxy.DNS-Proxy-Extension";
				PRODUCT_NAME = "$(TARGET_NAME)";
				SKIP_INSTALL = YES;
				SWIFT_EMIT_LOC_STRINGS = YES;
				SWIFT_VERSION = 5.0;
				TARGETED_DEVICE_FAMILY = "1,2";
			};
			name = Debug;
		};
		96B6F4D3297C260F00577DAA /* Release */ = {
			isa = XCBuildConfiguration;
			buildSettings = {
				CODE_SIGN_ENTITLEMENTS = "DNS Proxy Extension/DNS_Proxy_Extension.entitlements";
				CODE_SIGN_STYLE = Automatic;
				CURRENT_PROJECT_VERSION = 1;
				DEVELOPMENT_TEAM = JL36X44M34;
				GENERATE_INFOPLIST_FILE = YES;
				INFOPLIST_FILE = "DNS Proxy Extension/Info.plist";
				INFOPLIST_KEY_CFBundleDisplayName = "DNS Proxy Extension";
				INFOPLIST_KEY_NSHumanReadableCopyright = "";
				IPHONEOS_DEPLOYMENT_TARGET = 16.2;
				LD_RUNPATH_SEARCH_PATHS = (
					"$(inherited)",
					"@executable_path/Frameworks",
					"@executable_path/../../Frameworks",
				);
				MARKETING_VERSION = 1.0;
				PRODUCT_BUNDLE_IDENTIFIER = "example.dns.proxy.DNS-Proxy-Extension";
				PRODUCT_NAME = "$(TARGET_NAME)";
				SKIP_INSTALL = YES;
				SWIFT_EMIT_LOC_STRINGS = YES;
				SWIFT_VERSION = 5.0;
				TARGETED_DEVICE_FAMILY = "1,2";
			};
			name = Release;
		};
/* End XCBuildConfiguration section */

/* Begin XCConfigurationList section */
		96B6F4A3297C169600577DAA /* Build configuration list for PBXProject "DNS Proxy" */ = {
			isa = XCConfigurationList;
			buildConfigurations = (
				96B6F4B4297C169700577DAA /* Debug */,
				96B6F4B5297C169700577DAA /* Release */,
			);
			defaultConfigurationIsVisible = 0;
			defaultConfigurationName = Release;
		};
		96B6F4B6297C169700577DAA /* Build configuration list for PBXNativeTarget "DNS Proxy" */ = {
			isa = XCConfigurationList;
			buildConfigurations = (
				96B6F4B7297C169700577DAA /* Debug */,
				96B6F4B8297C169700577DAA /* Release */,
			);
			defaultConfigurationIsVisible = 0;
			defaultConfigurationName = Release;
		};
		96B6F4D1297C260F00577DAA /* Build configuration list for PBXNativeTarget "DNS Proxy Extension" */ = {
			isa = XCConfigurationList;
			buildConfigurations = (
				96B6F4D2297C260F00577DAA /* Debug */,
				96B6F4D3297C260F00577DAA /* Release */,
			);
			defaultConfigurationIsVisible = 0;
			defaultConfigurationName = Release;
		};
/* End XCConfigurationList section */
	};
	rootObject = 96B6F4A0297C169600577DAA /* Project object */;
}
